
Microsoft Visual Studio Solution File, Format Version 12.00
# Visual Studio 15
VisualStudioVersion = 15.0.28010.2019
MinimumVisualStudioVersion = 10.0.40219.1
Project("{9A19103F-16F7-4668-BE54-9A1E7A4F7556}") = "Epam_Trainings_Homework", "Epam_Trainings_Homework\Epam_Trainings_Homework.csproj", "{54A258A3-3D90-4425-BED2-A8F719CE9509}"
EndProject
Project("{9A19103F-16F7-4668-BE54-9A1E7A4F7556}") = "Training1", "Training1\Training1.csproj", "{C916E12F-113B-48C3-A183-7EB4567C16E1}"
EndProject
Project("{9A19103F-16F7-4668-BE54-9A1E7A4F7556}") = "Training2", "Training2\Training2.csproj", "{BECD931B-3896-4A2D-80FE-490350096A27}"
EndProject
Project("{9A19103F-16F7-4668-BE54-9A1E7A4F7556}") = "Training3", "Training3\Training3.csproj", "{B726B8F4-BE18-4AFB-8BA5-27B99CAF0A8B}"
EndProject
Project("{9A19103F-16F7-4668-BE54-9A1E7A4F7556}") = "Logger", "Logger\Logger.csproj", "{8740E3E2-BDE8-469C-B64B-E03277A399BD}"
EndProject
Project("{9A19103F-16F7-4668-BE54-9A1E7A4F7556}") = "TrainingSerializable", "TrainingSerializable\TrainingSerializable.csproj", "{EDD8A884-740A-40A1-94F7-9544518F5D77}"
EndProject
Project("{9A19103F-16F7-4668-BE54-9A1E7A4F7556}") = "TrainingReflection", "TrainingReflection\TrainingReflection.csproj", "{DD2C2C50-EBE6-4AA1-AAF9-889D62CA76F8}"
EndProject
Project("{9A19103F-16F7-4668-BE54-9A1E7A4F7556}") = "TrainingStyleCoding", "TrainingStyleCoding\TrainingStyleCoding.csproj", "{D1A62781-EFFE-4881-B68E-8187FB7BD8DD}"
EndProject
Project("{FAE04EC0-301F-11D3-BF4B-00C04F79EFBC}") = "TrainingThreading", "TrainingThreading\TrainingThreading.csproj", "{303DBDF3-F2F2-4AD2-80D1-8C381B52F3A9}"
EndProject
Global
	GlobalSection(SolutionConfigurationPlatforms) = preSolution
		Debug|Any CPU = Debug|Any CPU
		Release|Any CPU = Release|Any CPU
	EndGlobalSection
	GlobalSection(ProjectConfigurationPlatforms) = postSolution
		{54A258A3-3D90-4425-BED2-A8F719CE9509}.Debug|Any CPU.ActiveCfg = Debug|Any CPU
		{54A258A3-3D90-4425-BED2-A8F719CE9509}.Debug|Any CPU.Build.0 = Debug|Any CPU
		{54A258A3-3D90-4425-BED2-A8F719CE9509}.Release|Any CPU.ActiveCfg = Release|Any CPU
		{54A258A3-3D90-4425-BED2-A8F719CE9509}.Release|Any CPU.Build.0 = Release|Any CPU
		{C916E12F-113B-48C3-A183-7EB4567C16E1}.Debug|Any CPU.ActiveCfg = Debug|Any CPU
		{C916E12F-113B-48C3-A183-7EB4567C16E1}.Debug|Any CPU.Build.0 = Debug|Any CPU
		{C916E12F-113B-48C3-A183-7EB4567C16E1}.Release|Any CPU.ActiveCfg = Release|Any CPU
		{C916E12F-113B-48C3-A183-7EB4567C16E1}.Release|Any CPU.Build.0 = Release|Any CPU
		{BECD931B-3896-4A2D-80FE-490350096A27}.Debug|Any CPU.ActiveCfg = Debug|Any CPU
		{BECD931B-3896-4A2D-80FE-490350096A27}.Debug|Any CPU.Build.0 = Debug|Any CPU
		{BECD931B-3896-4A2D-80FE-490350096A27}.Release|Any CPU.ActiveCfg = Release|Any CPU
		{BECD931B-3896-4A2D-80FE-490350096A27}.Release|Any CPU.Build.0 = Release|Any CPU
		{B726B8F4-BE18-4AFB-8BA5-27B99CAF0A8B}.Debug|Any CPU.ActiveCfg = Debug|Any CPU
		{B726B8F4-BE18-4AFB-8BA5-27B99CAF0A8B}.Debug|Any CPU.Build.0 = Debug|Any CPU
		{B726B8F4-BE18-4AFB-8BA5-27B99CAF0A8B}.Release|Any CPU.ActiveCfg = Release|Any CPU
		{B726B8F4-BE18-4AFB-8BA5-27B99CAF0A8B}.Release|Any CPU.Build.0 = Release|Any CPU
		{8740E3E2-BDE8-469C-B64B-E03277A399BD}.Debug|Any CPU.ActiveCfg = Debug|Any CPU
		{8740E3E2-BDE8-469C-B64B-E03277A399BD}.Debug|Any CPU.Build.0 = Debug|Any CPU
		{8740E3E2-BDE8-469C-B64B-E03277A399BD}.Release|Any CPU.ActiveCfg = Release|Any CPU
		{8740E3E2-BDE8-469C-B64B-E03277A399BD}.Release|Any CPU.Build.0 = Release|Any CPU
		{EDD8A884-740A-40A1-94F7-9544518F5D77}.Debug|Any CPU.ActiveCfg = Debug|Any CPU
		{EDD8A884-740A-40A1-94F7-9544518F5D77}.Debug|Any CPU.Build.0 = Debug|Any CPU
		{EDD8A884-740A-40A1-94F7-9544518F5D77}.Release|Any CPU.ActiveCfg = Release|Any CPU
		{EDD8A884-740A-40A1-94F7-9544518F5D77}.Release|Any CPU.Build.0 = Release|Any CPU
		{DD2C2C50-EBE6-4AA1-AAF9-889D62CA76F8}.Debug|Any CPU.ActiveCfg = Debug|Any CPU
		{DD2C2C50-EBE6-4AA1-AAF9-889D62CA76F8}.Debug|Any CPU.Build.0 = Debug|Any CPU
		{DD2C2C50-EBE6-4AA1-AAF9-889D62CA76F8}.Release|Any CPU.ActiveCfg = Release|Any CPU
		{DD2C2C50-EBE6-4AA1-AAF9-889D62CA76F8}.Release|Any CPU.Build.0 = Release|Any CPU
		{D1A62781-EFFE-4881-B68E-8187FB7BD8DD}.Debug|Any CPU.ActiveCfg = Debug|Any CPU
		{D1A62781-EFFE-4881-B68E-8187FB7BD8DD}.Debug|Any CPU.Build.0 = Debug|Any CPU
		{D1A62781-EFFE-4881-B68E-8187FB7BD8DD}.Release|Any CPU.ActiveCfg = Release|Any CPU
		{D1A62781-EFFE-4881-B68E-8187FB7BD8DD}.Release|Any CPU.Build.0 = Release|Any CPU
		{303DBDF3-F2F2-4AD2-80D1-8C381B52F3A9}.Debug|Any CPU.ActiveCfg = Debug|Any CPU
		{303DBDF3-F2F2-4AD2-80D1-8C381B52F3A9}.Debug|Any CPU.Build.0 = Debug|Any CPU
		{303DBDF3-F2F2-4AD2-80D1-8C381B52F3A9}.Release|Any CPU.ActiveCfg = Release|Any CPU
		{303DBDF3-F2F2-4AD2-80D1-8C381B52F3A9}.Release|Any CPU.Build.0 = Release|Any CPU
	EndGlobalSection
	GlobalSection(SolutionProperties) = preSolution
		HideSolutionNode = FALSE
	EndGlobalSection
	GlobalSection(ExtensibilityGlobals) = postSolution
		SolutionGuid = {729929B2-2E8E-4D45-8A94-E2633A562DD8}
	EndGlobalSection
EndGlobal
